<Solution>
  <Project Path="work1_ASP.NET_Core_API/work1_ASP.NET_Core_API.csproj" />
  <Project Path="work2_ASP.NET_Core_API/work2_ASP.NET_Core_API.csproj" Id="81c14548-cf37-4c37-9556-f4c06e6a342f" />
  <Project Path="work3_ASP.NET_Core_API/work3_ASP.NET_Core_API.csproj" Id="939158af-5604-4b81-84da-782d90a9b92c" />
  <Project Path="work4_ASP.NET_Core_API/work4_ASP.NET_Core_API.csproj" Id="e1717d68-ecbe-40be-907b-179d74603c3b" />
  <Project Path="work4_ASP.NET_Core_API/work4_ASP.NET_Core_API.Tests/work4_ASP.NET_Core_API.Tests.csproj" />
  <Project Path="work5_ASP.NET_Core_API.Tests/work5_ASP.NET_Core_API.Tests.csproj" Id="03058fc2-c9a0-4a85-a91f-22690f3975a4" />
  <Project Path="work5_ASP.NET_Core_API/work5_ASP.NET_Core_API.csproj" Id="3d351c29-c07b-4953-9211-dd64834882cb" />
</Solution>
